schema: '2.0'
stages:
  preprocess_data:
    cmd: python src/preprocess.py
    deps:
    - path: data/raw_data
      hash: md5
      md5: 20fcc7682883542b7d5fbbab2259cc13.dir
      size: 18950646
      nfiles: 8
    - path: src/preprocess.py
      hash: md5
      md5: a0df6dc80a826f4888e75d4ff764f2f6
      size: 2214
  linear_regression:
    cmd: python src/model.py --linear --output Linear
    deps:
    - path: data/output/
      hash: md5
      md5: 1f97979f2bf2535bbbc0f3d37bb38bca.dir
      size: 909972
      nfiles: 9
    - path: src/model.py
      hash: md5
      md5: be77ac159b2b1f9dcdea95efeb4cf218
      size: 5001
    params:
      params.yaml:
        linear_model:
          name: Linear
    outs:
    - path: data/model_output/Linear.json
      hash: md5
      md5: 76d7ed8e5e568e53df05f2e28dfc5fa9
      size: 14
    - path: data/model_output/Linear.pkl
      hash: md5
      md5: b8e3a0a5835d81c2ab4a596d3f61ab75
      size: 5382
  ridge_regression:
    cmd: python src/model.py --ridge --output Ridge --ridge-alpha 0.001 0.01 0.1 1.0
      10.0 100.0 1000.0 --ridge-solver auto
    deps:
    - path: data/output/
      hash: md5
      md5: 1f97979f2bf2535bbbc0f3d37bb38bca.dir
      size: 909972
      nfiles: 9
    - path: src/model.py
      hash: md5
      md5: be77ac159b2b1f9dcdea95efeb4cf218
      size: 5001
    params:
      params.yaml:
        ridge_model:
          name: Ridge
          alpha: 0.001 0.01 0.1 1.0 10.0 100.0 1000.0
          solver: auto
    outs:
    - path: data/model_output/Ridge.json
      hash: md5
      md5: 5a80432b104e8b3da5f1b767d9fea2da
      size: 65
    - path: data/model_output/Ridge.pkl
      hash: md5
      md5: bcb4e06febfd827b025a35a53fd71714
      size: 5457
  lasso_regression:
    cmd: python src/model.py --lasso --output Lasso --lasso-alpha 0.1 1.0
    deps:
    - path: data/output/
      hash: md5
      md5: 1f97979f2bf2535bbbc0f3d37bb38bca.dir
      size: 909972
      nfiles: 9
    - path: src/model.py
      hash: md5
      md5: be77ac159b2b1f9dcdea95efeb4cf218
      size: 5001
    params:
      params.yaml:
        lasso_model:
          name: Lasso
          alpha: 0.1 1.0
    outs:
    - path: data/model_output/Lasso.json
      hash: md5
      md5: 56c96bb6da4d2db4b2b57c8f6234c00e
      size: 36
    - path: data/model_output/Lasso.pkl
      hash: md5
      md5: 19563a4625ccc418cf2cccdf6d6cad77
      size: 5557
  random_forest:
    cmd: python src/model.py --random-forest --output RandomForest --rf-estimators
      10 50 --rf-max-depth 10 20
    deps:
    - path: data/output/
      hash: md5
      md5: 1f97979f2bf2535bbbc0f3d37bb38bca.dir
      size: 909972
      nfiles: 9
    - path: src/model.py
      hash: md5
      md5: be77ac159b2b1f9dcdea95efeb4cf218
      size: 5001
    params:
      params.yaml:
        random_forest_model:
          name: RandomForest
          n_estimators: 10 50
          max_depth: 10 20
    outs:
    - path: data/model_output/RandomForest.json
      hash: md5
      md5: f07f853a8b76269cc950c59539fffce9
      size: 77
    - path: data/model_output/RandomForest.pkl
      hash: md5
      md5: 20ee8fd4a534435eb553fa46285c8e0c
      size: 12072807
